{
  "name": "enterprisecorp-web-app",
  "version": "1.0.0",
  "lockfileVersion": 3,
  "requires": true,
  "packages": {
    "": {
      "name": "enterprisecorp-web-app",
      "version": "1.0.0",
      "dependencies": {
        "enterprise-utils": "file:../compromised-mirror/enterprise-utils",
        "secure-lib": "file:../compromised-mirror/secure-lib"
      }
    },
    "../compromised-mirror/enterprise-utils": {
      "version": "1.0.0",
      "hasInstallScript": true,
      "license": "MIT"
    },
    "../compromised-mirror/secure-lib": {
      "version": "2.0.0",
      "hasInstallScript": true,
      "license": "MIT"
    },
    "node_modules/enterprise-utils": {
      "resolved": "../compromised-mirror/enterprise-utils",
      "link": true
    },
    "node_modules/secure-lib": {
      "resolved": "../compromised-mirror/secure-lib",
      "link": true
    }
  }
}
