{
  "name": "victim-application",
  "version": "1.0.0",
  "lockfileVersion": 3,
  "requires": true,
  "packages": {
    "": {
      "name": "victim-application",
      "version": "1.0.0",
      "license": "MIT",
      "dependencies": {
        "array-sortify": "file:../malicious-packages/array-sortify"
      }
    },
    "../malicious-packages/array-sortify": {
      "version": "1.0.0",
      "license": "MIT"
    },
    "node_modules/array-sortify": {
      "resolved": "../malicious-packages/array-sortify",
      "link": true
    }
  }
}
