{
  "name": "my-application",
  "version": "1.0.0",
  "lockfileVersion": 3,
  "requires": true,
  "packages": {
    "": {
      "name": "my-application",
      "version": "1.0.0",
      "license": "MIT",
      "dependencies": {
        "secure-validator": "file:../compromised-package/secure-validator"
      }
    },
    "../compromised-package/secure-validator": {
      "version": "2.5.4",
      "license": "MIT"
    },
    "../legitimate-package/secure-validator": {
      "version": "2.5.3",
      "extraneous": true,
      "license": "MIT"
    },
    "node_modules/secure-validator": {
      "resolved": "../compromised-package/secure-validator",
      "link": true
    }
  }
}
