{
  "name": "victim-app",
  "version": "1.0.0",
  "lockfileVersion": 3,
  "requires": true,
  "packages": {
    "": {
      "name": "victim-app",
      "version": "1.0.0",
      "dependencies": {
        "web-utils": "file:../legitimate-packages/web-utils"
      }
    },
    "../legitimate-packages/web-utils": {
      "version": "2.1.0",
      "license": "MIT",
      "dependencies": {
        "data-processor": "^1.2.0"
      }
    },
    "node_modules/web-utils": {
      "resolved": "../legitimate-packages/web-utils",
      "link": true
    }
  }
}
