{
  "name": "my-application",
  "version": "1.0.0",
  "lockfileVersion": 3,
  "requires": true,
  "packages": {
    "": {
      "name": "my-application",
      "version": "1.0.0",
      "license": "MIT",
      "dependencies": {
        "utils-helper": "file:../malicious-update/utils-helper"
      }
    },
    "../malicious-update/utils-helper": {
      "version": "2.1.1",
      "license": "MIT"
    },
    "node_modules/utils-helper": {
      "resolved": "../malicious-update/utils-helper",
      "link": true
    }
  }
}
