{
  "name": "victim-app",
  "version": "1.0.0",
  "lockfileVersion": 3,
  "requires": true,
  "packages": {
    "": {
      "name": "victim-app",
      "version": "1.0.0",
      "dependencies": {
        "secure-utils": "file:../compromised-package/secure-utils"
      }
    },
    "../compromised-package/secure-utils": {
      "version": "1.0.1",
      "hasInstallScript": true,
      "license": "MIT"
    },
    "node_modules/secure-utils": {
      "resolved": "../compromised-package/secure-utils",
      "link": true
    }
  }
}
