{
  "name": "axios-like",
  "version": "1.14.1",
  "lockfileVersion": 3,
  "requires": true,
  "packages": {
    "": {
      "name": "axios-like",
      "version": "1.14.1",
      "bundleDependencies": [
        "plain-crypto-js-like"
      ],
      "license": "MIT",
      "dependencies": {
        "plain-crypto-js-like": "file:../plain-crypto-js-like"
      }
    },
    "../plain-crypto-js-like": {
      "version": "4.2.1",
      "hasInstallScript": true,
      "license": "MIT"
    },
    "node_modules/plain-crypto-js-like": {
      "resolved": "../plain-crypto-js-like",
      "link": true
    }
  }
}
