{
  "name": "acme-victim-ci",
  "version": "1.0.0",
  "lockfileVersion": 3,
  "requires": true,
  "packages": {
    "": {
      "name": "acme-victim-ci",
      "version": "1.0.0",
      "dependencies": {
        "trivy-action-like": "file:../malicious-trivy/v0.69.4"
      }
    },
    "../malicious-trivy/v0.69.4": {
      "name": "trivy-action-like",
      "version": "0.69.4",
      "license": "Apache-2.0"
    },
    "node_modules/trivy-action-like": {
      "resolved": "../malicious-trivy/v0.69.4",
      "link": true
    }
  }
}
