{
  "name": "victim-application",
  "version": "1.0.0",
  "lockfileVersion": 3,
  "requires": true,
  "packages": {
    "": {
      "name": "victim-application",
      "version": "1.0.0",
      "license": "MIT",
      "dependencies": {
        "request-lib": "file:../malicious-packages/request-lib"
      }
    },
    "../malicious-packages/request-lib": {
      "version": "1.0.0",
      "license": "MIT"
    },
    "node_modules/request-lib": {
      "resolved": "../malicious-packages/request-lib",
      "link": true
    }
  }
}
