{
  "name": "victim-app",
  "version": "1.0.0",
  "lockfileVersion": 3,
  "requires": true,
  "packages": {
    "": {
      "name": "victim-app",
      "version": "1.0.0",
      "license": "MIT",
      "dependencies": {
        "dev-tool": "file:../dev-tools/malicious-dev-tool"
      }
    },
    "../dev-tools/malicious-dev-tool": {
      "name": "dev-tool",
      "version": "9.9.9",
      "hasInstallScript": true,
      "license": "MIT"
    },
    "node_modules/dev-tool": {
      "resolved": "../dev-tools/malicious-dev-tool",
      "link": true
    }
  }
}
