{
  "name": "victim-app",
  "version": "1.0.0",
  "lockfileVersion": 3,
  "requires": true,
  "packages": {
    "": {
      "name": "victim-app",
      "version": "1.0.0",
      "license": "MIT",
      "dependencies": {
        "version-confuser-lib": "file:../registry/version-confuser-lib/1.0.1"
      }
    },
    "../registry/version-confuser-lib/1.0.1": {
      "name": "version-confuser-lib",
      "version": "1.0.1",
      "license": "MIT"
    },
    "node_modules/version-confuser-lib": {
      "resolved": "../registry/version-confuser-lib/1.0.1",
      "link": true
    }
  }
}
