{
  "name": "victim-app",
  "version": "1.0.0",
  "lockfileVersion": 3,
  "requires": true,
  "packages": {
    "": {
      "name": "victim-app",
      "version": "1.0.0",
      "license": "MIT",
      "dependencies": {
        "stage1-access-lib": "file:../packages/stage1-access-lib",
        "stage2-compromised-lib": "file:../packages/stage2-compromised-lib"
      }
    },
    "../packages/stage1-access-lib": {
      "version": "1.0.0",
      "license": "MIT"
    },
    "../packages/stage2-compromised-lib": {
      "version": "1.0.0",
      "license": "MIT"
    },
    "node_modules/stage1-access-lib": {
      "resolved": "../packages/stage1-access-lib",
      "link": true
    },
    "node_modules/stage2-compromised-lib": {
      "resolved": "../packages/stage2-compromised-lib",
      "link": true
    }
  }
}
